
Microsoft Visual Studio Solution File, Format Version 12.00
# Visual Studio Express 2012 for Web
Project("{E24C65DC-7377-472B-9ABA-BC803B73C61A}") = "Site", ".", "{11A1E343-7F39-4D19-B431-EB30A0FEAC09}"
	ProjectSection(WebsiteProperties) = preProject
		TargetFrameworkMoniker = ".NETFramework,Version%3Dv4.5"
		Debug.AspNetCompiler.VirtualPath = "/Site"
		Debug.AspNetCompiler.PhysicalPath = "..\Site\"
		Debug.AspNetCompiler.TargetPath = "PrecompiledWeb\Site\"
		Debug.AspNetCompiler.Updateable = "true"
		Debug.AspNetCompiler.ForceOverwrite = "true"
		Debug.AspNetCompiler.FixedNames = "false"
		Debug.AspNetCompiler.Debug = "True"
		Release.AspNetCompiler.VirtualPath = "/Site"
		Release.AspNetCompiler.PhysicalPath = "..\Site\"
		Release.AspNetCompiler.TargetPath = "PrecompiledWeb\Site\"
		Release.AspNetCompiler.Updateable = "true"
		Release.AspNetCompiler.ForceOverwrite = "true"
		Release.AspNetCompiler.FixedNames = "false"
		Release.AspNetCompiler.Debug = "False"
		VWDPort = "51245"
	EndProjectSection
EndProject
Global
	GlobalSection(SolutionConfigurationPlatforms) = preSolution
		Debug|Any CPU = Debug|Any CPU
	EndGlobalSection
	GlobalSection(ProjectConfigurationPlatforms) = postSolution
		{11A1E343-7F39-4D19-B431-EB30A0FEAC09}.Debug|Any CPU.ActiveCfg = Debug|Any CPU
		{11A1E343-7F39-4D19-B431-EB30A0FEAC09}.Debug|Any CPU.Build.0 = Debug|Any CPU
	EndGlobalSection
	GlobalSection(SolutionProperties) = preSolution
		HideSolutionNode = FALSE
	EndGlobalSection
EndGlobal
